<?xml version="1.0" encoding="utf-8"?>
<Project ToolsVersion="4.0" xmlns="http://schemas.microsoft.com/developer/msbuild/2003">
  <ItemGroup>
    <Filter Include="src">
      <UniqueIdentifier>{4FC737F1-C7A5-4376-A066-2A32D752A2FF}</UniqueIdentifier>
      <Extensions>cpp;c;cc;cxx;c++;cppm;ixx;def;odl;idl;hpj;bat;asm;asmx</Extensions>
    </Filter>
    <Filter Include="src\utils">
      <UniqueIdentifier>{06b2a0b7-e512-4bb7-a692-a74de2579474}</UniqueIdentifier>
    </Filter>
    <Filter Include="src\wnd">
      <UniqueIdentifier>{4f499a51-9510-4c87-ac69-72242f9e96d2}</UniqueIdentifier>
    </Filter>
    <Filter Include="src\shaders">
      <UniqueIdentifier>{f16c15b8-abab-46f9-af5c-fd16a9d889e5}</UniqueIdentifier>
    </Filter>
    <Filter Include="src\gfx">
      <UniqueIdentifier>{337f3dbe-4573-45bc-94de-19aea1774300}</UniqueIdentifier>
    </Filter>
  </ItemGroup>
  <ItemGroup>
    <ClCompile Include="src\App.cpp">
      <Filter>src</Filter>
    </ClCompile>
    <ClCompile Include="src\WinMain.cpp">
      <Filter>src</Filter>
    </ClCompile>
    <ClCompile Include="src\Window.cpp">
      <Filter>src\wnd</Filter>
    </ClCompile>
    <ClCompile Include="src\Mouse.cpp">
      <Filter>src\wnd</Filter>
    </ClCompile>
    <ClCompile Include="src\Keyboard.cpp">
      <Filter>src\wnd</Filter>
    </ClCompile>
    <ClCompile Include="src\WindowsMessageMap.cpp">
      <Filter>src\wnd</Filter>
    </ClCompile>
    <ClCompile Include="src\BaseException.cpp">
      <Filter>src\utils</Filter>
    </ClCompile>
    <ClCompile Include="src\Timer.cpp">
      <Filter>src\utils</Filter>
    </ClCompile>
    <ClCompile Include="src\Graphics.cpp">
      <Filter>src\gfx</Filter>
    </ClCompile>
  </ItemGroup>
  <ItemGroup>
    <ClInclude Include="src\App.h">
      <Filter>src</Filter>
    </ClInclude>
    <ClInclude Include="src\Window.h">
      <Filter>src\wnd</Filter>
    </ClInclude>
    <ClInclude Include="src\Mouse.h">
      <Filter>src\wnd</Filter>
    </ClInclude>
    <ClInclude Include="src\Keyboard.h">
      <Filter>src\wnd</Filter>
    </ClInclude>
    <ClInclude Include="src\Graphics.h">
      <Filter>src\gfx</Filter>
    </ClInclude>
    <ClInclude Include="src\WindowsMessageMap.h">
      <Filter>src\wnd</Filter>
    </ClInclude>
    <ClInclude Include="src\BaseException.h">
      <Filter>src\utils</Filter>
    </ClInclude>
    <ClInclude Include="src\Timer.h">
      <Filter>src\utils</Filter>
    </ClInclude>
    <ClInclude Include="src\WinDef.h">
      <Filter>src\utils</Filter>
    </ClInclude>
  </ItemGroup>
  <ItemGroup>
    <None Include="README.md" />
    <None Include=".gitignore" />
  </ItemGroup>
  <ItemGroup>
    <FxCompile Include="src\BrightnessShader.hlsl">
      <Filter>src\shaders</Filter>
    </FxCompile>
    <FxCompile Include="src\CopyPixelShader.hlsl">
      <Filter>src\shaders</Filter>
    </FxCompile>
    <FxCompile Include="src\HDRShader.hlsl">
      <Filter>src\shaders</Filter>
    </FxCompile>
    <FxCompile Include="src\PixelShader.hlsl">
      <Filter>src\shaders</Filter>
    </FxCompile>
    <FxCompile Include="src\VertexShader.hlsl">
      <Filter>src\shaders</Filter>
    </FxCompile>
  </ItemGroup>
</Project>